{
  "name": "@gershy/util-throttler",
  "version": "0.0.15",
  "lockfileVersion": 3,
  "requires": true,
  "packages": {
    "": {
      "name": "@gershy/util-throttler",
      "version": "0.0.15",
      "license": "ISC",
      "devDependencies": {
        "@types/node": "^24.10.1"
      },
      "peerDependencies": {
        "@gershy/clearing": "^0.0.52"
      }
    },
    "node_modules/@gershy/clearing": {
      "version": "0.0.52",
      "resolved": "https://registry.npmjs.org/@gershy/clearing/-/clearing-0.0.52.tgz",
      "integrity": "sha512-DU4sKtIQZGorfkbdvQ1Lr+cX8gYdA5LeaJoNINKbrVwCQUWjcxCzZoKEM/HZXddasC3r18QGVC6q/rfbKpYy5g==",
      "license": "ISC",
      "peer": true
    },
    "node_modules/@types/node": {
      "version": "24.11.2",
      "resolved": "https://registry.npmjs.org/@types/node/-/node-24.11.2.tgz",
      "integrity": "sha512-HTsxyfkxTNxOXBsEdgIOzbMgBjDGPvkTfw0B1m09j1LFPk8u3tSL8SNBRTSc381wXXX/Wp93qPi1kQXwnWuHgA==",
      "dev": true,
      "dependencies": {
        "undici-types": "~7.16.0"
      }
    },
    "node_modules/undici-types": {
      "version": "7.16.0",
      "resolved": "https://registry.npmjs.org/undici-types/-/undici-types-7.16.0.tgz",
      "integrity": "sha512-Zz+aZWSj8LE6zoxD+xrjh4VfkIG8Ya6LvYkZqtUQGJPZjYl53ypCaUwWqo7eI0x66KBGeRo+mlBEkMSeSZ38Nw==",
      "dev": true
    }
  }
}
